
Microsoft Visual Studio Solution File, Format Version 12.00
# Visual Studio 15
VisualStudioVersion = 15.0.27130.2003
MinimumVisualStudioVersion = 10.0.40219.1
Project("{FAE04EC0-301F-11D3-BF4B-00C04F79EFBC}") = "AffineTransformation", "AffineTransformation\AffineTransformation.csproj", "{522DFFB5-1DE1-43D6-8BB6-AE57A2EF1258}"
EndProject
Global
	GlobalSection(SolutionConfigurationPlatforms) = preSolution
		Debug|Any CPU = Debug|Any CPU
		Release|Any CPU = Release|Any CPU
	EndGlobalSection
	GlobalSection(ProjectConfigurationPlatforms) = postSolution
		{522DFFB5-1DE1-43D6-8BB6-AE57A2EF1258}.Debug|Any CPU.ActiveCfg = Debug|Any CPU
		{522DFFB5-1DE1-43D6-8BB6-AE57A2EF1258}.Debug|Any CPU.Build.0 = Debug|Any CPU
		{522DFFB5-1DE1-43D6-8BB6-AE57A2EF1258}.Release|Any CPU.ActiveCfg = Release|Any CPU
		{522DFFB5-1DE1-43D6-8BB6-AE57A2EF1258}.Release|Any CPU.Build.0 = Release|Any CPU
	EndGlobalSection
	GlobalSection(SolutionProperties) = preSolution
		HideSolutionNode = FALSE
	EndGlobalSection
	GlobalSection(ExtensibilityGlobals) = postSolution
		SolutionGuid = {02BAE3F1-88CF-4738-BFE0-46F31136A490}
	EndGlobalSection
EndGlobal
